{
    "hash": "abe0c53fa4a652ba31d428ad3d278a1f",
    "packages": [
        {
            "package": "alphalemon/al-pagetree-bundle",
            "version": "dev-master",
            "source-reference": "c4f3475adc5fcdc3cc61d3bcceda7da9bdc767bf",
            "commit-date": "1344617557"
        },
        {
            "package": "alphalemon/al-valum-uploader-bundle",
            "version": "dev-master",
            "source-reference": "54ea9d93792ad8e497278a3e03b6bf23f26573a5",
            "commit-date": "1344617676"
        },
        {
            "package": "alphalemon/alphalemon-bootstrap-bundle",
            "version": "dev-master",
            "source-reference": "1ee5903070e5e63ae397693c6d4bf8595327d5cd",
            "commit-date": "1344626870"
        },
        {
            "package": "alphalemon/alphalemon-cms-bundle",
            "version": "dev-master",
            "source-reference": "632454085e5867e4ca78e0d75216aaf71e86fd48",
            "commit-date": "1344625941"
        },
        {
            "package": "alphalemon/alphalemon-cms-installer-bundle",
            "version": "dev-master",
            "source-reference": "3c5749d85f21faf10b675b91938ac50f49769060",
            "commit-date": "1344629301"
        },
        {
            "package": "alphalemon/app-business-carousel-bundle",
            "version": "dev-master",
            "source-reference": "2fdb93760b02caea646a56ef03d9e53722262b5a",
            "commit-date": "1344613873"
        },
        {
            "package": "alphalemon/app-business-dropcap-bundle",
            "version": "dev-master",
            "source-reference": "8de7ca0d67c2fcc27d418a272e74c9c1db319f5b",
            "commit-date": "1342793097"
        },
        {
            "package": "alphalemon/app-business-menu-bundle",
            "version": "dev-master",
            "source-reference": "e12b16a4e29b8e7eeb0879400c4b1ad43e67c9b7",
            "commit-date": "1342793064"
        },
        {
            "package": "alphalemon/app-business-slider-bundle",
            "version": "dev-master",
            "source-reference": "e655bafd12e3144860283c955893821185c8e106",
            "commit-date": "1342793152"
        },
        {
            "package": "alphalemon/business-website-theme-bundle",
            "version": "dev-master",
            "source-reference": "481fbfb1508e8d5fbb2e282d21729f2faf18a256",
            "commit-date": "1342197158"
        },
        {
            "package": "alphalemon/elfinder-bundle",
            "version": "dev-master",
            "source-reference": "764ca088f66d5cf129f2acc85b4a6fc2ee76b529",
            "commit-date": "1344628115"
        },
        {
            "package": "alphalemon/frontend-bundle",
            "version": "dev-master",
            "source-reference": "1ba3170d838fe9efe38470626dcfcc69f2849dfd",
            "commit-date": "1344617814"
        },
        {
            "package": "alphalemon/theme-engine-bundle",
            "version": "dev-master",
            "source-reference": "e58168d6386d981e3f9cb99a100e35d6acae71ed",
            "commit-date": "1344625162"
        },
        {
            "package": "doctrine/common",
            "version": "2.3.x-dev",
            "source-reference": "2ec4bc6db13db6a0976a16b71058083c55cbcdbd",
            "commit-date": "1343847076"
        },
        {
            "package": "doctrine/dbal",
            "version": "2.3.x-dev",
            "source-reference": "86b10e7eda2eed1d9a07a580a40e14cea8e1733a",
            "commit-date": "1343559046"
        },
        {
            "package": "doctrine/doctrine-bundle",
            "version": "dev-master",
            "source-reference": "4d9bb0f3af470556983eb41a7d19ede23401ef0b",
            "commit-date": "1344549563"
        },
        {
            "package": "doctrine/orm",
            "version": "2.3.x-dev",
            "source-reference": "17862d9a2a38bf801e564d09a26eea8503621ae0",
            "commit-date": "1343850025"
        },
        {
            "package": "imagine/Imagine",
            "version": "dev-master",
            "source-reference": "v0.3.0",
            "commit-date": "1343522118"
        },
        {
            "package": "jms/aop-bundle",
            "version": "1.0.0"
        },
        {
            "package": "jms/cg",
            "version": "1.0.0"
        },
        {
            "package": "jms/di-extra-bundle",
            "version": "dev-master",
            "alias-pretty-version": "1.1.x-dev",
            "alias-version": "1.1.9999999.9999999-dev"
        },
        {
            "package": "jms/di-extra-bundle",
            "version": "dev-master",
            "source-reference": "912519a3dafc6318c781bd00a9ef7ff790b2c321",
            "commit-date": "1343737883"
        },
        {
            "package": "jms/metadata",
            "version": "1.1.1"
        },
        {
            "package": "jms/security-extra-bundle",
            "version": "dev-master",
            "alias-pretty-version": "1.2.x-dev",
            "alias-version": "1.2.9999999.9999999-dev"
        },
        {
            "package": "jms/security-extra-bundle",
            "version": "dev-master",
            "source-reference": "d65a3a9ff17892beea778e376c82bc420b77eb4e",
            "commit-date": "1344175596"
        },
        {
            "package": "kriswallsmith/assetic",
            "version": "dev-master",
            "alias-pretty-version": "1.1.x-dev",
            "alias-version": "1.1.9999999.9999999-dev"
        },
        {
            "package": "kriswallsmith/assetic",
            "version": "dev-master",
            "source-reference": "d1d5066d9071a76d771993081ee23137e96216b7",
            "commit-date": "1344507381"
        },
        {
            "package": "mikey179/vfsStream",
            "version": "dev-master",
            "source-reference": "v1.1.0-beta1",
            "commit-date": "1344544666"
        },
        {
            "package": "monolog/monolog",
            "version": "1.1.0"
        },
        {
            "package": "phing/phing",
            "version": "2.4.12"
        },
        {
            "package": "propel/propel-bundle",
            "version": "1.1.x-dev",
            "source-reference": "4980f54b6ea0b1ad906d230e6b51f998e64bf6d5",
            "commit-date": "1343287056"
        },
        {
            "package": "propel/propel1",
            "version": "dev-master",
            "alias-pretty-version": "1.6.x-dev",
            "alias-version": "1.6.9999999.9999999-dev"
        },
        {
            "package": "propel/propel1",
            "version": "dev-master",
            "source-reference": "8b026396ef595c6a47deec3c9d940f005fe7ca30",
            "commit-date": "1344497128"
        },
        {
            "package": "sensio/distribution-bundle",
            "version": "dev-master",
            "source-reference": "57190e5baa0cc1d8ef6095ce57e6719a5eae2b79",
            "commit-date": "1344240835"
        },
        {
            "package": "sensio/framework-extra-bundle",
            "version": "dev-master",
            "source-reference": "ade2d53b20a9fc3428f04c863b3fd4fca0b62181",
            "commit-date": "1344072374"
        },
        {
            "package": "sensio/generator-bundle",
            "version": "dev-master",
            "source-reference": "d8fc1666f3cdb403f1b2d4320c45ddd6adbdf6a5",
            "commit-date": "1343980150"
        },
        {
            "package": "swiftmailer/swiftmailer",
            "version": "dev-master",
            "alias-pretty-version": "4.2.x-dev",
            "alias-version": "4.2.9999999.9999999-dev"
        },
        {
            "package": "swiftmailer/swiftmailer",
            "version": "dev-master",
            "source-reference": "19045c3692f6f6ddb4abc5ebfaf3f86f1c57d265",
            "commit-date": "1343980916"
        },
        {
            "package": "symfony/assetic-bundle",
            "version": "dev-master",
            "source-reference": "ec3a65d3eab342af9e93a3c21af0ac7b78e01c17",
            "commit-date": "1344507386"
        },
        {
            "package": "symfony/monolog-bundle",
            "version": "dev-master",
            "source-reference": "v2.1.0-BETA4",
            "commit-date": "1341078487"
        },
        {
            "package": "symfony/swiftmailer-bundle",
            "version": "dev-master",
            "source-reference": "v2.1.0-RC1",
            "commit-date": "1342684512"
        },
        {
            "package": "symfony/symfony",
            "version": "dev-master",
            "alias-pretty-version": "2.1.x-dev",
            "alias-version": "2.1.9999999.9999999-dev"
        },
        {
            "package": "symfony/symfony",
            "version": "dev-master",
            "source-reference": "31536c36ec8875aee1406aa7d7a0b5e38a04af66",
            "commit-date": "1344599303"
        },
        {
            "package": "twig/extensions",
            "version": "dev-master",
            "source-reference": "feb6d3f10c411e2631997c0a905aa581c80305c1",
            "commit-date": "1337599699"
        },
        {
            "package": "twig/twig",
            "version": "dev-master",
            "alias-pretty-version": "1.9.x-dev",
            "alias-version": "1.9.9999999.9999999-dev"
        },
        {
            "package": "twig/twig",
            "version": "dev-master",
            "source-reference": "f2f698c820d4396f519ef4175ad6fe79fcfb9ecf",
            "commit-date": "1344328685"
        },
        {
            "package": "willdurand/propel-typehintable-behavior",
            "version": "dev-master",
            "source-reference": "1.0.3",
            "commit-date": "1342361004"
        }
    ],
    "packages-dev": null,
    "aliases": [

    ],
    "minimum-stability": "dev",
    "stability-flags": {
        "doctrine/doctrine-bundle": 20,
        "twig/extensions": 20,
        "symfony/assetic-bundle": 20,
        "symfony/swiftmailer-bundle": 20,
        "symfony/monolog-bundle": 20,
        "sensio/distribution-bundle": 20,
        "sensio/framework-extra-bundle": 20,
        "sensio/generator-bundle": 20,
        "alphalemon/alphalemon-cms-bundle": 20,
        "alphalemon/alphalemon-cms-installer-bundle": 20
    }
}
