{
    "hash": "9153fd315296a096c7493bceebc14391",
    "packages": [
        {
            "package": "alphalemon/al-pagetree-bundle",
            "version": "dev-master",
            "source-reference": "14fbe6dff410c2dd748f9abf396129b28b489db7"
        },
        {
            "package": "alphalemon/al-valum-uploader-bundle",
            "version": "dev-master",
            "source-reference": "804b0b784b2be404a7c5b488cae98886f0b16c7f"
        },
        {
            "package": "alphalemon/alphalemon-cms-bundle",
            "version": "dev-feat-decouple-themes-and-blocks",
            "source-reference": "1ab7bf12b3a9e908f1ab23ecea874fbf81e0d8fb"
        },
        {
            "package": "alphalemon/app-business-dropcap-bundle",
            "version": "dev-master",
            "source-reference": "cca506a49b5c48b9b052825e7a8e5febabeab46e"
        },
        {
            "package": "alphalemon/app-business-menu-bundle",
            "version": "dev-master",
            "source-reference": "fb5bc1c9b8f8ac7ad0a247e0f31c07aa2f416916"
        },
        {
            "package": "alphalemon/app-business-slider-bundle",
            "version": "dev-master",
            "source-reference": "f56a683bbaf0c874f3b1d7eb39ed972635a586e7"
        },
        {
            "package": "alphalemon/business-website-theme-bundle",
            "version": "dev-master",
            "source-reference": "3717a23b909e447108ce6052c29e26723a2eea0d"
        },
        {
            "package": "alphalemon/elfinder-bundle",
            "version": "dev-master",
            "source-reference": "87f9e62a4da28b6a443f350345f9ad2019a21b14"
        },
        {
            "package": "alphalemon/frontendbundle",
            "version": "dev-master",
            "source-reference": "f535c9c6cbefb474d0e232b44a40808cea936847"
        },
        {
            "package": "alphalemon/theme-engine-bundle",
            "version": "dev-master",
            "source-reference": "27dac7837b9a144f049b75986921eecd44a83dac"
        },
        {
            "package": "doctrine/common",
            "version": "2.1.x-dev",
            "source-reference": "41794945e795e108060eddb3342c9e13524b9b3e"
        },
        {
            "package": "doctrine/dbal",
            "version": "2.1.x-dev",
            "source-reference": "9d3625eeb1f7c840d3897d8961e977b554276a1d"
        },
        {
            "package": "doctrine/orm",
            "version": "2.1.x-dev",
            "source-reference": "57acceaff2d2ca5c047a9fed1d5bbc950df81d16"
        },
        {
            "package": "jms/metadata",
            "version": "1.1.1"
        },
        {
            "package": "jms/security-extra-bundle",
            "version": "1.0.x-dev",
            "source-reference": "541a4c242328dc04b99540c75346cc74a7c0cfb5"
        },
        {
            "package": "kriswallsmith/assetic",
            "version": "1.0.x-dev",
            "source-reference": "dc073c2a96ac0212814da501b00e74d74717935a"
        },
        {
            "package": "monolog/monolog",
            "version": "1.0.2"
        },
        {
            "package": "phing/phing",
            "version": "2.4.12"
        },
        {
            "package": "propel/propel-bundle",
            "version": "2.0-dev",
            "source-reference": "e0d2b9f43a4ac767a3a26692f493c07b6f5f6000"
        },
        {
            "package": "propel/propel1",
            "version": "dev-master",
            "source-reference": "d6506a592f3b2a3f2411e07c1e184a4dde26e490",
            "alias": "1.6.9999999.9999999-dev"
        },
        {
            "package": "sensio/distribution-bundle",
            "version": "2.0-dev",
            "source-reference": "20b66a408084ad8752f98e50f10533f5245310bf"
        },
        {
            "package": "sensio/framework-extra-bundle",
            "version": "2.0-dev",
            "source-reference": "638f545b7020b9e9d5944a7e3167f60ed848250d"
        },
        {
            "package": "sensio/generator-bundle",
            "version": "2.0-dev",
            "source-reference": "b1ccb78c1743f30817b0fce9bb5c6baff6ed7bf8"
        },
        {
            "package": "swiftmailer/swiftmailer",
            "version": "4.1.6"
        },
        {
            "package": "symfony/assetic-bundle",
            "version": "2.0-dev",
            "source-reference": "3515e6f0ab1e628bd9208a0d4316d011511a99cb"
        },
        {
            "package": "symfony/symfony",
            "version": "v2.0.12"
        },
        {
            "package": "twig/extensions",
            "version": "dev-master",
            "source-reference": "4c831657215e51568fcb31bb9142e827f9a69bd5"
        },
        {
            "package": "twig/twig",
            "version": "dev-master",
            "source-reference": "46ae99fa4c11f76248b12da647fe64399f860e82",
            "alias": "1.7.9999999.9999999-dev"
        }
    ],
    "aliases": []
}
